github.com/urfave/cli v1.20.0 h1:fDqGv3UG/4jbVl/QkFwEdddtEDjh/5Ov6X+0B/3bPaw=
github.com/urfave/cli v1.20.0/go.mod h1:70zkFmudgCuE/ngEzBv17Jvp/497gISqfk5gWijbERA=
github.com/xgfone/go-tools v5.5.2+incompatible h1:zIxhriTiSMDe+hQ17OEIYF9ONX5agvDlOMnD6zK93kA=
github.com/xgfone/go-tools v5.5.2+incompatible/go.mod h1:jwIVCdT4a89oiv9nABSuURIQqfQSYhRocVM13Ug0Z3w=
